<?xml version="1.0" encoding="utf-8"?>
<Project ToolsVersion="4.0" xmlns="http://schemas.microsoft.com/developer/msbuild/2003">
  <ItemGroup>
    <Filter Include="Source Files">
      <UniqueIdentifier>{4FC737F1-C7A5-4376-A066-2A32D752A2FF}</UniqueIdentifier>
      <Extensions>cpp;c;cc;cxx;c++;cppm;ixx;def;odl;idl;hpj;bat;asm;asmx</Extensions>
    </Filter>
    <Filter Include="Header Files">
      <UniqueIdentifier>{93995380-89BD-4b04-88EB-625FBE52EBFB}</UniqueIdentifier>
      <Extensions>h;hh;hpp;hxx;h++;hm;inl;inc;ipp;xsd</Extensions>
    </Filter>
    <Filter Include="Resource Files">
      <UniqueIdentifier>{67DA6AB6-F800-4c08-8B7A-83BB121AAD01}</UniqueIdentifier>
      <Extensions>rc;ico;cur;bmp;dlg;rc2;rct;bin;rgs;gif;jpg;jpeg;jpe;resx;tiff;tif;png;wav;mfcribbon-ms</Extensions>
    </Filter>
  </ItemGroup>
  <ItemGroup>
    <ClInclude Include="src\SGF.h">
      <Filter>Header Files</Filter>
    </ClInclude>
    <ClInclude Include="src\SGF\Application.h">
      <Filter>Header Files</Filter>
    </ClInclude>
    <ClInclude Include="src\SGF\api.h">
      <Filter>Header Files</Filter>
    </ClInclude>
    <ClInclude Include="src\SGF\Core\Logger.h">
      <Filter>Header Files</Filter>
    </ClInclude>
    <ClInclude Include="src\SGF\Structures.h">
      <Filter>Header Files</Filter>
    </ClInclude>
    <ClInclude Include="src\SGF\Core\Clock.h">
      <Filter>Header Files</Filter>
    </ClInclude>
    <ClInclude Include="src\sgfpch.h">
      <Filter>Header Files</Filter>
    </ClInclude>
    <ClInclude Include="src\SGF\Assets\Asset.h">
      <Filter>Header Files</Filter>
    </ClInclude>
    <ClInclude Include="src\SGF\Assets\AssetManager.h">
      <Filter>Header Files</Filter>
    </ClInclude>
    <ClInclude Include="src\SGF\States\AbstractState.h">
      <Filter>Header Files</Filter>
    </ClInclude>
    <ClInclude Include="src\SGF\States\StateStack.h">
      <Filter>Header Files</Filter>
    </ClInclude>
    <ClInclude Include="src\SGF\States\Structures.h">
      <Filter>Header Files</Filter>
    </ClInclude>
    <ClInclude Include="src\SGF\EntitySystem\AbstractEntity.h">
      <Filter>Header Files</Filter>
    </ClInclude>
    <ClInclude Include="src\SGF\Core\Vector2.h">
      <Filter>Header Files</Filter>
    </ClInclude>
    <ClInclude Include="src\SGF\EntitySystem\Sprite.h">
      <Filter>Header Files</Filter>
    </ClInclude>
    <ClInclude Include="src\SGF\EntitySystem\Structures.h">
      <Filter>Header Files</Filter>
    </ClInclude>
    <ClInclude Include="src\SGF\EntitySystem\Mob.h">
      <Filter>Header Files</Filter>
    </ClInclude>
    <ClInclude Include="src\SGF\UI\UIComponent.h">
      <Filter>Header Files</Filter>
    </ClInclude>
    <ClInclude Include="src\SGF\UI\Structures.h">
      <Filter>Header Files</Filter>
    </ClInclude>
    <ClInclude Include="src\SGF\UI\Text.h">
      <Filter>Header Files</Filter>
    </ClInclude>
    <ClInclude Include="src\SGF\UI\Canvas.h">
      <Filter>Header Files</Filter>
    </ClInclude>
    <ClInclude Include="src\SGF\UI\Button.h">
      <Filter>Header Files</Filter>
    </ClInclude>
    <ClInclude Include="src\SGF\UI\Menu.h">
      <Filter>Header Files</Filter>
    </ClInclude>
    <ClInclude Include="src\SGF\Core\PlayerController.h">
      <Filter>Header Files</Filter>
    </ClInclude>
    <ClInclude Include="src\SGF\Core\Structures.h">
      <Filter>Header Files</Filter>
    </ClInclude>
    <ClInclude Include="src\SGF\Core\CommandQueue.h">
      <Filter>Header Files</Filter>
    </ClInclude>
    <ClInclude Include="src\SGF\Core\Keyboard.h">
      <Filter>Header Files</Filter>
    </ClInclude>
    <ClInclude Include="src\SGF\EntitySystem\Physics.h">
      <Filter>Header Files</Filter>
    </ClInclude>
    <ClInclude Include="src\SGF\UI\Image.h">
      <Filter>Header Files</Filter>
    </ClInclude>
    <ClInclude Include="src\SGF\UI\Properties.h">
      <Filter>Header Files</Filter>
    </ClInclude>
  </ItemGroup>
  <ItemGroup>
    <ClCompile Include="src\SGF\Application.cpp">
      <Filter>Source Files</Filter>
    </ClCompile>
    <ClCompile Include="src\SGF\Core\Logger.cpp">
      <Filter>Source Files</Filter>
    </ClCompile>
    <ClCompile Include="src\sgfpch.cpp">
      <Filter>Source Files</Filter>
    </ClCompile>
    <ClCompile Include="src\SGF\Assets\AssetManager.cpp">
      <Filter>Source Files</Filter>
    </ClCompile>
    <ClCompile Include="src\SGF\States\AbstractState.cpp">
      <Filter>Source Files</Filter>
    </ClCompile>
    <ClCompile Include="src\SGF\States\StateStack.cpp">
      <Filter>Source Files</Filter>
    </ClCompile>
    <ClCompile Include="src\SGF\EntitySystem\AbstractEntity.cpp">
      <Filter>Source Files</Filter>
    </ClCompile>
    <ClCompile Include="src\SGF\Core\Vector2.cpp">
      <Filter>Source Files</Filter>
    </ClCompile>
    <ClCompile Include="src\SGF\EntitySystem\Sprite.cpp">
      <Filter>Source Files</Filter>
    </ClCompile>
    <ClCompile Include="src\SGF\EntitySystem\Mob.cpp">
      <Filter>Source Files</Filter>
    </ClCompile>
    <ClCompile Include="src\SGF\UI\UIComponent.cpp">
      <Filter>Source Files</Filter>
    </ClCompile>
    <ClCompile Include="src\SGF\UI\Text.cpp">
      <Filter>Source Files</Filter>
    </ClCompile>
    <ClCompile Include="src\SGF\UI\Canvas.cpp">
      <Filter>Source Files</Filter>
    </ClCompile>
    <ClCompile Include="src\SGF\UI\Button.cpp">
      <Filter>Source Files</Filter>
    </ClCompile>
    <ClCompile Include="src\SGF\UI\Menu.cpp">
      <Filter>Source Files</Filter>
    </ClCompile>
    <ClCompile Include="src\SGF\Core\PlayerController.cpp">
      <Filter>Source Files</Filter>
    </ClCompile>
    <ClCompile Include="src\SGF\Core\CommandQueue.cpp">
      <Filter>Source Files</Filter>
    </ClCompile>
    <ClCompile Include="src\SGF\Core\Keyboard.cpp">
      <Filter>Source Files</Filter>
    </ClCompile>
    <ClCompile Include="src\SGF\EntitySystem\Physics.cpp">
      <Filter>Source Files</Filter>
    </ClCompile>
    <ClCompile Include="src\SGF\UI\Image.cpp">
      <Filter>Source Files</Filter>
    </ClCompile>
  </ItemGroup>
</Project>