
Microsoft Visual Studio Solution File, Format Version 12.00
# Visual Studio Version 16
VisualStudioVersion = 16.0.31313.79
MinimumVisualStudioVersion = 10.0.40219.1
Project("{8BC9CEB8-8B4A-11D0-8D11-00A0C91BC942}") = "sgf", "sgf\sgf.vcxproj", "{3E6CACE5-3FF7-4ED9-948B-B22D2B4CC0E9}"
EndProject
Project("{8BC9CEB8-8B4A-11D0-8D11-00A0C91BC942}") = "sandbox", "sandbox\sandbox.vcxproj", "{499F649D-F6E1-4A01-9782-C2649B7D72F5}"
EndProject
Global
	GlobalSection(SolutionConfigurationPlatforms) = preSolution
		Debug|x64 = Debug|x64
		Release|x64 = Release|x64
	EndGlobalSection
	GlobalSection(ProjectConfigurationPlatforms) = postSolution
		{3E6CACE5-3FF7-4ED9-948B-B22D2B4CC0E9}.Debug|x64.ActiveCfg = Debug|x64
		{3E6CACE5-3FF7-4ED9-948B-B22D2B4CC0E9}.Debug|x64.Build.0 = Debug|x64
		{3E6CACE5-3FF7-4ED9-948B-B22D2B4CC0E9}.Release|x64.ActiveCfg = Release|x64
		{3E6CACE5-3FF7-4ED9-948B-B22D2B4CC0E9}.Release|x64.Build.0 = Release|x64
		{499F649D-F6E1-4A01-9782-C2649B7D72F5}.Debug|x64.ActiveCfg = Debug|x64
		{499F649D-F6E1-4A01-9782-C2649B7D72F5}.Debug|x64.Build.0 = Debug|x64
		{499F649D-F6E1-4A01-9782-C2649B7D72F5}.Release|x64.ActiveCfg = Release|x64
		{499F649D-F6E1-4A01-9782-C2649B7D72F5}.Release|x64.Build.0 = Release|x64
	EndGlobalSection
	GlobalSection(SolutionProperties) = preSolution
		HideSolutionNode = FALSE
	EndGlobalSection
	GlobalSection(ExtensibilityGlobals) = postSolution
		SolutionGuid = {54158D42-FAEC-4AEA-8AE2-2089AC2B3FB8}
	EndGlobalSection
EndGlobal
